
Microsoft Visual Studio Solution File, Format Version 12.00
# Visual Studio 15
VisualStudioVersion = 15.0.26430.13
MinimumVisualStudioVersion = 10.0.40219.1
Project("{9A19103F-16F7-4668-BE54-9A1E7A4F7556}") = "Cofoundry.Plugins.BackgroundTasks.Hangfire", "Cofoundry.Plugins.BackgroundTasks.Hangfire\Cofoundry.Plugins.BackgroundTasks.Hangfire.csproj", "{962BB845-1E06-4775-9C29-32E11B257603}"
EndProject
Project("{2150E333-8FDC-42A3-9474-1A3956D46DE8}") = "samples", "samples", "{D4929788-4924-4E4A-927B-1E914C835AF1}"
EndProject
Project("{9A19103F-16F7-4668-BE54-9A1E7A4F7556}") = "HangfireSample", "HangfireSample\HangfireSample.csproj", "{0661510F-9EB5-4688-9934-DA72F90791A6}"
EndProject
Global
	GlobalSection(SolutionConfigurationPlatforms) = preSolution
		Debug|Any CPU = Debug|Any CPU
		Release|Any CPU = Release|Any CPU
	EndGlobalSection
	GlobalSection(ProjectConfigurationPlatforms) = postSolution
		{962BB845-1E06-4775-9C29-32E11B257603}.Debug|Any CPU.ActiveCfg = Debug|Any CPU
		{962BB845-1E06-4775-9C29-32E11B257603}.Debug|Any CPU.Build.0 = Debug|Any CPU
		{962BB845-1E06-4775-9C29-32E11B257603}.Release|Any CPU.ActiveCfg = Release|Any CPU
		{962BB845-1E06-4775-9C29-32E11B257603}.Release|Any CPU.Build.0 = Release|Any CPU
		{0661510F-9EB5-4688-9934-DA72F90791A6}.Debug|Any CPU.ActiveCfg = Debug|Any CPU
		{0661510F-9EB5-4688-9934-DA72F90791A6}.Debug|Any CPU.Build.0 = Debug|Any CPU
		{0661510F-9EB5-4688-9934-DA72F90791A6}.Release|Any CPU.ActiveCfg = Release|Any CPU
		{0661510F-9EB5-4688-9934-DA72F90791A6}.Release|Any CPU.Build.0 = Release|Any CPU
	EndGlobalSection
	GlobalSection(SolutionProperties) = preSolution
		HideSolutionNode = FALSE
	EndGlobalSection
	GlobalSection(NestedProjects) = preSolution
		{0661510F-9EB5-4688-9934-DA72F90791A6} = {D4929788-4924-4E4A-927B-1E914C835AF1}
	EndGlobalSection
	GlobalSection(ExtensibilityGlobals) = postSolution
		SolutionGuid = {F641408F-3FD6-4BA4-A1F2-2369F8D81358}
	EndGlobalSection
EndGlobal
